{
  "requires": true,
  "lockfileVersion": 1,
  "dependencies": {
    "vue": {
      "version": "2.6.14",
      "resolved": "https://registry.npmjs.org/vue/-/vue-2.6.14.tgz",
      "integrity": "sha512-x2284lgYvjOMj3Za7kqzRcUSxBboHqtgRE2zlos1qWaOye5yUmHn42LB1250NJBLRwEcdrB0JRwyPTEPhfQjiQ=="
    },
    "vue-use-vuex": {
      "version": "0.2.2",
      "resolved": "https://registry.npmjs.org/vue-use-vuex/-/vue-use-vuex-0.2.2.tgz",
      "integrity": "sha512-wUejqr46nRsWSS9o2ZmjscWHEI6ysFOhhZb6q0xr02aJ0QCeV3zZTNOVKppZy+unM+EF7OX8k9q/WngIdt+6ew=="
    }
  }
}
